
Microsoft Visual Studio Solution File, Format Version 12.00
# Visual Studio Version 16
VisualStudioVersion = 16.0.31105.61
MinimumVisualStudioVersion = 10.0.40219.1
Project("{FAE04EC0-301F-11D3-BF4B-00C04F79EFBC}") = "AREA1", "AREA1\AREA1.csproj", "{2D3E6A73-62F2-41DC-94E7-59853EAF2484}"
EndProject
Global
	GlobalSection(SolutionConfigurationPlatforms) = preSolution
		Debug|Any CPU = Debug|Any CPU
		Release|Any CPU = Release|Any CPU
	EndGlobalSection
	GlobalSection(ProjectConfigurationPlatforms) = postSolution
		{2D3E6A73-62F2-41DC-94E7-59853EAF2484}.Debug|Any CPU.ActiveCfg = Debug|Any CPU
		{2D3E6A73-62F2-41DC-94E7-59853EAF2484}.Debug|Any CPU.Build.0 = Debug|Any CPU
		{2D3E6A73-62F2-41DC-94E7-59853EAF2484}.Release|Any CPU.ActiveCfg = Release|Any CPU
		{2D3E6A73-62F2-41DC-94E7-59853EAF2484}.Release|Any CPU.Build.0 = Release|Any CPU
	EndGlobalSection
	GlobalSection(SolutionProperties) = preSolution
		HideSolutionNode = FALSE
	EndGlobalSection
	GlobalSection(ExtensibilityGlobals) = postSolution
		SolutionGuid = {04738AE0-7E4F-461C-81CC-73285B0F288D}
	EndGlobalSection
EndGlobal
